
Microsoft Visual Studio Solution File, Format Version 12.00
# Visual Studio 2012
Project("{FAE04EC0-301F-11D3-BF4B-00C04F79EFBC}") = "hw5", "hw5\hw5.csproj", "{5A58ED13-E0DE-4BE0-A7BB-E5701A768E53}"
EndProject
Project("{FAE04EC0-301F-11D3-BF4B-00C04F79EFBC}") = "ConcatStreamTests", "hw5Tests\ConcatStreamTests.csproj", "{C0B2A3ED-05F7-42F8-85E5-3E6E24B141D0}"
EndProject
Project("{FAE04EC0-301F-11D3-BF4B-00C04F79EFBC}") = "Console", "Console\Console.csproj", "{7E5356E0-2013-409F-BA51-3D0022DAC857}"
EndProject
Global
	GlobalSection(SolutionConfigurationPlatforms) = preSolution
		Debug|Any CPU = Debug|Any CPU
		Release|Any CPU = Release|Any CPU
	EndGlobalSection
	GlobalSection(ProjectConfigurationPlatforms) = postSolution
		{5A58ED13-E0DE-4BE0-A7BB-E5701A768E53}.Debug|Any CPU.ActiveCfg = Debug|Any CPU
		{5A58ED13-E0DE-4BE0-A7BB-E5701A768E53}.Debug|Any CPU.Build.0 = Debug|Any CPU
		{5A58ED13-E0DE-4BE0-A7BB-E5701A768E53}.Release|Any CPU.ActiveCfg = Release|Any CPU
		{5A58ED13-E0DE-4BE0-A7BB-E5701A768E53}.Release|Any CPU.Build.0 = Release|Any CPU
		{7E5356E0-2013-409F-BA51-3D0022DAC857}.Debug|Any CPU.ActiveCfg = Debug|Any CPU
		{7E5356E0-2013-409F-BA51-3D0022DAC857}.Debug|Any CPU.Build.0 = Debug|Any CPU
		{7E5356E0-2013-409F-BA51-3D0022DAC857}.Release|Any CPU.ActiveCfg = Release|Any CPU
		{7E5356E0-2013-409F-BA51-3D0022DAC857}.Release|Any CPU.Build.0 = Release|Any CPU
		{C0B2A3ED-05F7-42F8-85E5-3E6E24B141D0}.Debug|Any CPU.ActiveCfg = Debug|Any CPU
		{C0B2A3ED-05F7-42F8-85E5-3E6E24B141D0}.Debug|Any CPU.Build.0 = Debug|Any CPU
		{C0B2A3ED-05F7-42F8-85E5-3E6E24B141D0}.Release|Any CPU.ActiveCfg = Release|Any CPU
		{C0B2A3ED-05F7-42F8-85E5-3E6E24B141D0}.Release|Any CPU.Build.0 = Release|Any CPU
	EndGlobalSection
EndGlobal
